
Microsoft Visual Studio Solution File, Format Version 12.00
# Visual Studio Version 17
VisualStudioVersion = 17.3.32922.545
MinimumVisualStudioVersion = 10.0.40219.1
Project("{FAE04EC0-301F-11D3-BF4B-00C04F79EFBC}") = "ConsoleApp1", "ConsoleApp1\ConsoleApp1.csproj", "{D311FBA1-0C13-4169-ADA0-79D009B29F8A}"
EndProject
Project("{FAE04EC0-301F-11D3-BF4B-00C04F79EFBC}") = "WindowsFormsApp1", "WindowsFormsApp1\WindowsFormsApp1.csproj", "{3F53E3AE-45CD-4297-B8B5-AF4B13B205EE}"
EndProject
Global
	GlobalSection(SolutionConfigurationPlatforms) = preSolution
		Debug|Any CPU = Debug|Any CPU
		Release|Any CPU = Release|Any CPU
	EndGlobalSection
	GlobalSection(ProjectConfigurationPlatforms) = postSolution
		{D311FBA1-0C13-4169-ADA0-79D009B29F8A}.Debug|Any CPU.ActiveCfg = Debug|Any CPU
		{D311FBA1-0C13-4169-ADA0-79D009B29F8A}.Debug|Any CPU.Build.0 = Debug|Any CPU
		{D311FBA1-0C13-4169-ADA0-79D009B29F8A}.Release|Any CPU.ActiveCfg = Release|Any CPU
		{D311FBA1-0C13-4169-ADA0-79D009B29F8A}.Release|Any CPU.Build.0 = Release|Any CPU
		{3F53E3AE-45CD-4297-B8B5-AF4B13B205EE}.Debug|Any CPU.ActiveCfg = Debug|Any CPU
		{3F53E3AE-45CD-4297-B8B5-AF4B13B205EE}.Debug|Any CPU.Build.0 = Debug|Any CPU
		{3F53E3AE-45CD-4297-B8B5-AF4B13B205EE}.Release|Any CPU.ActiveCfg = Release|Any CPU
		{3F53E3AE-45CD-4297-B8B5-AF4B13B205EE}.Release|Any CPU.Build.0 = Release|Any CPU
	EndGlobalSection
	GlobalSection(SolutionProperties) = preSolution
		HideSolutionNode = FALSE
	EndGlobalSection
	GlobalSection(ExtensibilityGlobals) = postSolution
		SolutionGuid = {39886810-BC6F-4139-ADC4-2AA14A4A2321}
	EndGlobalSection
EndGlobal
