
Microsoft Visual Studio Solution File, Format Version 12.00
# Visual Studio Version 17
VisualStudioVersion = 17.10.34928.147
MinimumVisualStudioVersion = 10.0.40219.1
Project("{FAE04EC0-301F-11D3-BF4B-00C04F79EFBC}") = "ConsoleApp", "ConsoleApp\ConsoleApp.csproj", "{9FC2CC56-4DCC-414A-B668-8242CB2601D8}"
EndProject
Project("{FAE04EC0-301F-11D3-BF4B-00C04F79EFBC}") = "WindowsFormsApp1", "WindowsFormsApp1\WindowsFormsApp1.csproj", "{5560D7ED-8D8B-4982-8CF6-DA36C9D68A06}"
EndProject
Global
	GlobalSection(SolutionConfigurationPlatforms) = preSolution
		Debug|Any CPU = Debug|Any CPU
		Release|Any CPU = Release|Any CPU
	EndGlobalSection
	GlobalSection(ProjectConfigurationPlatforms) = postSolution
		{9FC2CC56-4DCC-414A-B668-8242CB2601D8}.Debug|Any CPU.ActiveCfg = Debug|Any CPU
		{9FC2CC56-4DCC-414A-B668-8242CB2601D8}.Debug|Any CPU.Build.0 = Debug|Any CPU
		{9FC2CC56-4DCC-414A-B668-8242CB2601D8}.Release|Any CPU.ActiveCfg = Release|Any CPU
		{9FC2CC56-4DCC-414A-B668-8242CB2601D8}.Release|Any CPU.Build.0 = Release|Any CPU
		{5560D7ED-8D8B-4982-8CF6-DA36C9D68A06}.Debug|Any CPU.ActiveCfg = Debug|Any CPU
		{5560D7ED-8D8B-4982-8CF6-DA36C9D68A06}.Debug|Any CPU.Build.0 = Debug|Any CPU
		{5560D7ED-8D8B-4982-8CF6-DA36C9D68A06}.Release|Any CPU.ActiveCfg = Release|Any CPU
		{5560D7ED-8D8B-4982-8CF6-DA36C9D68A06}.Release|Any CPU.Build.0 = Release|Any CPU
	EndGlobalSection
	GlobalSection(SolutionProperties) = preSolution
		HideSolutionNode = FALSE
	EndGlobalSection
	GlobalSection(ExtensibilityGlobals) = postSolution
		SolutionGuid = {442C99A0-DA72-4195-9FD8-148997E6D273}
	EndGlobalSection
EndGlobal
